
Microsoft Visual Studio Solution File, Format Version 12.00
# Visual Studio Version 16
VisualStudioVersion = 16.0.30011.22
MinimumVisualStudioVersion = 10.0.40219.1
Project("{FAE04EC0-301F-11D3-BF4B-00C04F79EFBC}") = "prvi", "ConsoleApp3\prvi.csproj", "{C0B58DA6-00C2-499F-AFD3-880015BCF404}"
EndProject
Project("{FAE04EC0-301F-11D3-BF4B-00C04F79EFBC}") = "drugi", "ConsoleApp1\drugi.csproj", "{80EFE587-E2FE-41B4-8E2E-E19254199B86}"
EndProject
Project("{FAE04EC0-301F-11D3-BF4B-00C04F79EFBC}") = "treci", "treci\treci.csproj", "{92FEE336-8641-49FA-8772-91EC5A6B1105}"
EndProject
Global
	GlobalSection(SolutionConfigurationPlatforms) = preSolution
		Debug|Any CPU = Debug|Any CPU
		Release|Any CPU = Release|Any CPU
	EndGlobalSection
	GlobalSection(ProjectConfigurationPlatforms) = postSolution
		{C0B58DA6-00C2-499F-AFD3-880015BCF404}.Debug|Any CPU.ActiveCfg = Debug|Any CPU
		{C0B58DA6-00C2-499F-AFD3-880015BCF404}.Debug|Any CPU.Build.0 = Debug|Any CPU
		{C0B58DA6-00C2-499F-AFD3-880015BCF404}.Release|Any CPU.ActiveCfg = Release|Any CPU
		{C0B58DA6-00C2-499F-AFD3-880015BCF404}.Release|Any CPU.Build.0 = Release|Any CPU
		{80EFE587-E2FE-41B4-8E2E-E19254199B86}.Debug|Any CPU.ActiveCfg = Debug|Any CPU
		{80EFE587-E2FE-41B4-8E2E-E19254199B86}.Debug|Any CPU.Build.0 = Debug|Any CPU
		{80EFE587-E2FE-41B4-8E2E-E19254199B86}.Release|Any CPU.ActiveCfg = Release|Any CPU
		{80EFE587-E2FE-41B4-8E2E-E19254199B86}.Release|Any CPU.Build.0 = Release|Any CPU
		{92FEE336-8641-49FA-8772-91EC5A6B1105}.Debug|Any CPU.ActiveCfg = Debug|Any CPU
		{92FEE336-8641-49FA-8772-91EC5A6B1105}.Debug|Any CPU.Build.0 = Debug|Any CPU
		{92FEE336-8641-49FA-8772-91EC5A6B1105}.Release|Any CPU.ActiveCfg = Release|Any CPU
		{92FEE336-8641-49FA-8772-91EC5A6B1105}.Release|Any CPU.Build.0 = Release|Any CPU
	EndGlobalSection
	GlobalSection(SolutionProperties) = preSolution
		HideSolutionNode = FALSE
	EndGlobalSection
	GlobalSection(ExtensibilityGlobals) = postSolution
		SolutionGuid = {485B0142-FC0A-494D-ACCB-3E3C1B3C620E}
	EndGlobalSection
EndGlobal
